80 2721906.000000 
21 	72 	41 	39 	37 	6 	4 	17 	26 	53 	78 	29 	48 	59 	57 	74 	58 	38 	65 	5 	73 	14 	16 	35 	66 	1 	68 	62 	47 	15 	23 	10 	50 	64 	79 	69 	28 	60 	55 	30 	46 	0 	3 	77 	34 	22 	54 	25 	18 	24 	33 	71 	51 	63 	49 	31 	56 	2 	20 	27 	36 	32 	40 	19 	8 	45 	67 	43 	61 	76 	7 	52 	9 	13 	42 	12 	75 	44 	70 	11 	

