80 2737866.000000 
56 	63 	22 	49 	62 	24 	71 	67 	74 	35 	14 	18 	43 	21 	16 	41 	77 	70 	53 	55 	3 	79 	51 	7 	12 	8 	13 	20 	5 	30 	1 	61 	58 	11 	64 	29 	32 	33 	75 	17 	9 	34 	2 	69 	73 	45 	44 	4 	66 	42 	36 	50 	26 	6 	10 	37 	0 	19 	47 	28 	25 	78 	54 	48 	39 	46 	57 	60 	72 	31 	23 	76 	52 	65 	59 	40 	15 	27 	38 	68 	

