80 2674352.000000 
47 	8 	40 	52 	56 	43 	24 	10 	53 	4 	16 	20 	75 	42 	46 	34 	45 	18 	65 	35 	79 	2 	57 	72 	17 	50 	68 	63 	59 	60 	12 	78 	70 	3 	48 	28 	37 	33 	73 	44 	39 	29 	41 	66 	58 	77 	31 	55 	27 	69 	6 	64 	36 	14 	76 	51 	54 	11 	49 	61 	26 	71 	32 	0 	5 	7 	38 	15 	25 	30 	74 	23 	13 	19 	9 	22 	67 	1 	21 	62 	

