80 2710704.000000 
44 	53 	51 	6 	52 	56 	23 	9 	59 	27 	66 	16 	17 	22 	18 	41 	67 	1 	33 	49 	76 	28 	79 	14 	60 	8 	40 	39 	72 	63 	46 	62 	11 	20 	47 	12 	45 	68 	38 	15 	0 	57 	7 	78 	69 	30 	74 	3 	4 	77 	70 	71 	64 	73 	21 	65 	31 	42 	13 	48 	55 	61 	50 	29 	54 	10 	32 	25 	34 	43 	5 	37 	75 	26 	24 	58 	35 	2 	19 	36 	

