80 2709334.000000 
3 	29 	30 	76 	40 	43 	69 	45 	37 	27 	39 	25 	71 	79 	21 	17 	59 	57 	73 	48 	19 	63 	38 	2 	64 	31 	51 	26 	32 	33 	7 	78 	34 	35 	55 	24 	60 	11 	36 	54 	18 	75 	14 	65 	70 	5 	8 	23 	9 	28 	46 	66 	58 	44 	56 	4 	62 	49 	67 	77 	15 	50 	53 	20 	42 	0 	6 	74 	68 	1 	72 	61 	12 	41 	13 	47 	52 	16 	22 	10 	

