80 2698860.000000 
59 	46 	24 	5 	11 	22 	14 	75 	78 	8 	37 	51 	36 	54 	20 	1 	72 	19 	21 	71 	15 	42 	33 	77 	18 	16 	49 	64 	30 	32 	55 	38 	47 	43 	76 	65 	62 	68 	45 	74 	48 	26 	41 	17 	34 	29 	73 	31 	69 	28 	70 	63 	2 	12 	67 	79 	23 	25 	66 	58 	57 	40 	3 	56 	6 	60 	44 	52 	0 	13 	4 	53 	39 	35 	7 	61 	50 	10 	27 	9 	

