80 2719736.000000 
74 	14 	59 	62 	5 	66 	17 	28 	35 	9 	2 	36 	55 	16 	72 	53 	30 	27 	26 	65 	33 	44 	11 	25 	48 	58 	51 	7 	56 	38 	60 	46 	34 	70 	42 	41 	19 	52 	64 	79 	6 	39 	77 	31 	10 	57 	22 	13 	12 	54 	24 	20 	8 	78 	45 	37 	40 	29 	18 	71 	1 	63 	69 	75 	47 	43 	49 	4 	50 	0 	32 	76 	73 	21 	68 	23 	3 	67 	61 	15 	

