80 2684774.000000 
4 	64 	11 	19 	10 	2 	61 	62 	23 	41 	8 	13 	25 	56 	30 	5 	9 	32 	31 	73 	14 	26 	24 	76 	44 	36 	58 	46 	50 	53 	7 	51 	1 	54 	74 	59 	40 	18 	27 	48 	65 	28 	55 	15 	60 	57 	70 	42 	72 	79 	69 	66 	17 	16 	78 	75 	38 	35 	68 	45 	67 	34 	6 	37 	49 	20 	12 	29 	39 	52 	21 	33 	77 	71 	63 	22 	3 	0 	47 	43 	

