80 2675980.000000 
61 	29 	51 	64 	19 	58 	44 	5 	43 	70 	53 	56 	16 	28 	45 	38 	12 	22 	69 	26 	41 	31 	25 	15 	42 	17 	30 	73 	24 	37 	23 	65 	32 	46 	78 	68 	40 	50 	74 	48 	33 	2 	79 	6 	18 	34 	20 	9 	76 	52 	49 	59 	77 	36 	71 	3 	27 	8 	11 	57 	55 	72 	35 	39 	10 	4 	63 	21 	1 	60 	67 	7 	75 	0 	54 	14 	62 	47 	66 	13 	

