80 2704620.000000 
31 	9 	37 	59 	41 	44 	42 	47 	39 	21 	15 	24 	5 	75 	33 	27 	17 	16 	29 	30 	36 	52 	43 	69 	6 	55 	62 	64 	73 	48 	56 	2 	66 	45 	8 	54 	78 	60 	25 	18 	63 	3 	50 	49 	23 	79 	38 	74 	34 	1 	20 	13 	77 	51 	35 	72 	46 	58 	32 	70 	4 	76 	65 	0 	22 	7 	12 	11 	53 	67 	57 	71 	14 	61 	19 	28 	26 	40 	68 	10 	

