80 2667048.000000 
78 	59 	63 	15 	40 	76 	7 	51 	44 	27 	17 	72 	9 	49 	64 	4 	25 	54 	67 	68 	32 	48 	14 	73 	41 	19 	2 	21 	52 	60 	24 	22 	70 	20 	47 	39 	29 	53 	18 	38 	77 	31 	74 	42 	5 	66 	71 	13 	6 	1 	37 	23 	45 	16 	65 	8 	79 	26 	57 	11 	62 	28 	12 	34 	56 	58 	33 	30 	36 	0 	55 	43 	69 	3 	61 	50 	46 	10 	35 	75 	

