80 2673214.000000 
59 	11 	71 	69 	1 	15 	70 	29 	25 	13 	0 	17 	26 	7 	8 	78 	46 	67 	27 	37 	9 	66 	68 	61 	38 	41 	63 	6 	2 	73 	36 	45 	12 	20 	60 	14 	3 	72 	19 	75 	64 	30 	10 	76 	24 	51 	4 	47 	5 	52 	48 	44 	54 	34 	50 	49 	77 	57 	74 	55 	42 	21 	79 	56 	43 	62 	53 	35 	65 	16 	28 	40 	33 	58 	22 	18 	23 	31 	32 	39 	

