80 2661264.000000 
64 	46 	17 	76 	4 	19 	31 	11 	28 	57 	21 	36 	25 	27 	29 	50 	32 	51 	48 	56 	52 	37 	7 	39 	14 	33 	23 	71 	79 	49 	45 	22 	12 	77 	0 	69 	38 	43 	75 	68 	1 	20 	47 	5 	41 	40 	72 	54 	13 	53 	59 	34 	15 	63 	44 	24 	9 	62 	8 	18 	30 	2 	6 	42 	61 	55 	66 	65 	67 	58 	78 	35 	10 	60 	3 	26 	70 	16 	74 	73 	

