80 2662492.000000 
21 	37 	41 	17 	64 	65 	58 	54 	76 	36 	4 	50 	22 	49 	72 	26 	44 	59 	45 	1 	13 	23 	68 	14 	3 	7 	53 	79 	55 	25 	75 	62 	28 	39 	46 	63 	33 	30 	8 	15 	32 	69 	77 	9 	6 	67 	43 	31 	42 	12 	70 	0 	38 	66 	5 	47 	57 	61 	73 	29 	51 	24 	10 	78 	34 	71 	40 	48 	18 	56 	20 	52 	27 	11 	19 	74 	35 	16 	2 	60 	

