80 2703040.000000 
67 	32 	53 	3 	58 	29 	13 	4 	22 	8 	5 	11 	37 	10 	74 	63 	59 	7 	21 	2 	64 	75 	9 	31 	79 	48 	1 	42 	30 	54 	24 	36 	47 	38 	62 	55 	27 	16 	25 	40 	72 	60 	28 	71 	51 	56 	45 	33 	78 	77 	39 	0 	41 	14 	68 	52 	12 	66 	46 	50 	44 	23 	73 	76 	49 	65 	19 	6 	35 	18 	57 	43 	15 	61 	20 	26 	70 	17 	34 	69 	

