80 2646098.000000 
63 	64 	74 	19 	34 	36 	57 	67 	77 	43 	18 	32 	3 	58 	28 	65 	71 	8 	69 	39 	59 	51 	5 	13 	47 	78 	40 	75 	29 	23 	27 	20 	17 	48 	14 	79 	52 	38 	49 	2 	72 	11 	60 	21 	50 	35 	42 	66 	16 	56 	37 	6 	26 	10 	73 	7 	30 	46 	62 	0 	41 	33 	61 	15 	45 	55 	9 	1 	44 	25 	4 	12 	31 	24 	22 	54 	76 	70 	68 	53 	

