80 2681236.000000 
57 	68 	31 	71 	59 	11 	28 	79 	61 	63 	76 	29 	38 	39 	77 	32 	69 	54 	13 	48 	35 	52 	42 	20 	67 	14 	66 	74 	0 	16 	73 	8 	50 	19 	3 	36 	65 	26 	27 	58 	60 	33 	46 	21 	56 	37 	40 	45 	55 	15 	51 	78 	64 	10 	6 	12 	70 	47 	4 	9 	44 	23 	5 	1 	22 	49 	17 	7 	34 	72 	41 	18 	25 	75 	2 	30 	62 	53 	43 	24 	

