80 2640212.000000 
36 	41 	63 	16 	44 	23 	12 	22 	72 	61 	26 	64 	37 	3 	65 	78 	40 	33 	47 	1 	21 	30 	35 	54 	27 	57 	19 	43 	48 	42 	7 	24 	49 	69 	29 	58 	73 	6 	9 	60 	11 	14 	5 	71 	0 	20 	18 	53 	50 	32 	46 	38 	15 	59 	34 	70 	75 	66 	28 	74 	56 	52 	76 	25 	55 	68 	67 	2 	10 	51 	77 	45 	31 	79 	17 	8 	4 	13 	62 	39 	

