80 2673232.000000 
69 	63 	50 	31 	14 	67 	74 	6 	3 	77 	27 	57 	46 	17 	70 	47 	33 	68 	25 	29 	4 	55 	43 	54 	7 	76 	10 	1 	71 	16 	32 	28 	73 	78 	30 	23 	56 	61 	5 	8 	38 	22 	53 	13 	72 	44 	45 	34 	49 	51 	0 	79 	52 	39 	12 	37 	15 	42 	24 	65 	19 	21 	9 	58 	26 	59 	75 	41 	64 	18 	35 	36 	60 	62 	40 	66 	11 	20 	48 	2 	

