80 2671128.000000 
48 	46 	61 	9 	69 	63 	54 	59 	60 	76 	74 	47 	0 	67 	25 	68 	29 	23 	19 	72 	30 	36 	55 	24 	27 	78 	20 	5 	50 	39 	10 	57 	52 	71 	41 	34 	70 	38 	11 	44 	45 	21 	79 	17 	7 	6 	40 	77 	14 	42 	73 	37 	4 	12 	51 	35 	18 	65 	56 	43 	22 	28 	16 	13 	8 	1 	32 	26 	75 	62 	33 	2 	15 	31 	64 	3 	66 	49 	53 	58 	

