80 2715984.000000 
64 	45 	72 	49 	6 	2 	70 	3 	63 	71 	35 	19 	69 	74 	22 	17 	61 	43 	33 	28 	16 	30 	0 	79 	13 	27 	39 	54 	10 	62 	4 	29 	55 	37 	36 	7 	56 	53 	57 	15 	31 	42 	46 	9 	38 	65 	76 	20 	67 	60 	26 	5 	24 	8 	50 	59 	14 	48 	47 	32 	77 	52 	12 	73 	21 	66 	1 	25 	51 	78 	23 	41 	44 	75 	40 	11 	68 	58 	34 	18 	

