80 2670142.000000 
66 	75 	44 	70 	60 	47 	61 	25 	3 	34 	6 	74 	68 	18 	5 	77 	42 	53 	65 	10 	0 	15 	28 	21 	26 	35 	37 	73 	64 	59 	43 	11 	46 	62 	48 	78 	63 	38 	50 	32 	33 	67 	39 	29 	22 	72 	54 	52 	76 	79 	36 	7 	17 	4 	9 	69 	40 	45 	16 	49 	30 	57 	14 	31 	23 	58 	13 	55 	8 	1 	71 	20 	2 	19 	24 	41 	51 	56 	27 	12 	

