80 2638278.000000 
51 	31 	44 	67 	42 	19 	55 	23 	49 	27 	0 	38 	30 	6 	21 	4 	41 	61 	8 	17 	36 	48 	58 	26 	15 	7 	35 	24 	20 	53 	69 	43 	10 	12 	47 	40 	5 	63 	13 	29 	37 	64 	73 	57 	74 	77 	79 	28 	45 	68 	71 	2 	70 	66 	1 	52 	16 	62 	39 	25 	3 	32 	33 	72 	14 	65 	56 	54 	18 	78 	76 	11 	50 	60 	59 	75 	34 	22 	9 	46 	

