80 2660392.000000 
38 	65 	34 	0 	26 	78 	8 	32 	57 	11 	54 	23 	50 	22 	3 	42 	16 	51 	45 	28 	14 	13 	21 	1 	31 	33 	18 	73 	77 	10 	7 	6 	47 	72 	40 	15 	68 	4 	25 	64 	46 	30 	53 	39 	27 	71 	55 	74 	19 	59 	37 	5 	48 	24 	29 	44 	35 	69 	62 	12 	58 	17 	9 	36 	61 	60 	56 	70 	41 	79 	43 	49 	66 	2 	75 	20 	63 	67 	76 	52 	

