80 2674700.000000 
31 	47 	58 	70 	48 	75 	67 	40 	27 	65 	23 	14 	35 	37 	76 	39 	33 	36 	77 	71 	78 	9 	0 	60 	73 	64 	1 	66 	46 	45 	68 	20 	53 	55 	5 	69 	44 	54 	52 	79 	22 	32 	6 	17 	12 	13 	30 	16 	11 	10 	29 	25 	43 	63 	24 	41 	62 	8 	61 	74 	50 	34 	72 	57 	38 	18 	42 	3 	15 	26 	49 	51 	19 	4 	7 	28 	59 	2 	56 	21 	

