80 2678410.000000 
45 	15 	65 	34 	1 	25 	31 	5 	49 	24 	37 	9 	43 	47 	46 	61 	75 	79 	78 	22 	42 	4 	20 	33 	12 	14 	21 	54 	26 	0 	55 	39 	35 	76 	11 	58 	17 	77 	40 	53 	66 	69 	64 	27 	71 	32 	18 	50 	41 	38 	56 	29 	10 	23 	36 	70 	44 	8 	19 	62 	13 	6 	51 	52 	7 	16 	67 	30 	3 	73 	72 	59 	2 	48 	57 	28 	63 	60 	74 	68 	

