  70 4854848.000000
  25   54   67   12   48   19   28    2   38   30   14   50   43   20   39   31    5   44    9   34   60    8   47   10   63   26   41   40   42    1   22   23   37   11    4   46   27   45   33   52    6   66    0   69   61   56   15   32   58   29   65   24   64   13   21   62   49   17    3   35   51   18    7   53   57   16   55   68   36   59 
