  70 4374630.000000
  44   29   30   52   68   45   24   42   36   66   47   67    2   65   58   21    1   19   46   53   54   13    5   12   37   20   63   38   11    3    9   41   32   61   26   23   56   14   28   43    8   25   39   64   59   10   40   16   60   33   69   18    4   48    6   15   55   51   62    0   50   35   31   34   57   27   17   22    7   49 
