  70 4477356.000000
  22   51    2   19   28   47   39   58   37   64   27   10   66   18   59   48   17   50    4   24   63   54   62    6   26   53   29   52   16    7    9    5   13   45   38   40   31   44   68   30   21   61   33   25    3   12   67   20   69   14   35    1   23    8   60   36   46   43   34    0   49   42   32   11   55   56   57   15   65   41 
