  70 5054720.000000
   2   69   18    7   27   37   41   38   65   34   59   62   25   44   64   67   10   56   28   57    4   30   32   46   22    5   20   50   58    0   14   61   68   40   13    1   24   55   42   12   60    8   11   36    9   47   52   23    6   63   51   43   35   29   26   15   48   49    3   17   31   45   19   39   21   33   16   54   53   66 
