  70 5083586.000000
  25    5   19   43   48   56   38   69   55   58   12   59   41   62   45   51    6   29   31   50    4   39   22    3   18   16   34   17   68   35   15    9   57   32   30   24   61    7   67   46   44   40   26   63   36   60   20   49   23   13   37    2   53    0   64   11   27   14    8   66   10   47   65    1   21   52   28   54   33   42 
