  70 5489694.000000
  40   52   49   66   22   68   24   48   14   50    5   53   35    4   55   15    6   34   62    9   26   10   29   63   46   58   45    2   60   25   27   18   39   61    8    3   69   32   38   36    7   44   19   31   42   54   28   11   23   17    0   12   59   21   33   41   47   67   65   64    1   57   30   16   51   20   13   37   56   43 
