  70 4661230.000000
  64   66   26    5   25    4   21   35   13   23   59   40   48   31    3   53    0   14    2   52   20   12   67   58   45   65   47   69   39    8   34   44   43   11   62    7   17   37   54   29   33   41   27   55    1   46   16   36   51   22   61    6   68    9   50   60   56   24   10   15   32   19   28   18   42   49   57   38   30   63 
