  70 5556508.000000
  10   36   21   14   28    0    2   15   38   62   42   22   60   12   39   40   19   46   37   56   13    8   26    1   17   68   65   58   44   43   35   48   61    6    9   57    7   27   51   41   53   54   18   64    4   34   24   45   69   31   29   32   66   47   49   30   16   63   23   55   11   50   25    5   52   33   59    3   67   20 
