  70 6095782.000000
  53   68   63   20   66   57   54   29   35   41   45   49   59   33   26   22   32   15   48   69   34   56    7   55   17   58   60    6    9   42    4    1   19   65   52    0   11   47   38   21   23   30   12   25   16   36   62   50   13   28   24    5   51   67   43   18   37   31   40   39   14    8   27    3   64   61    2   46   10   44 
