  70 5127864.000000
  60   68   44   50    7   12   24   33   42    3   26   16   58   34   64   31   32    1   54    4   10   46   13   59    2   22   52    0   18   30   41   19   47   36   49   53   45   66   61   14   39    9   56   35   40   29   21    6   55   28   43   23   38    8    5   27   11   63   62   15   67   65   20   37   57   69   25   51   17   48 
