  70 5108916.000000
  33   30   38   22   62   40   31   64   51   63   67   48   66   16   24   61   55   52   15   53   37   21   13   20    3   14   42   49   10   69   12   35   45   43   50   58    2   68    7   17   59   18    1   57    9   39   65   46   19   25    5   47    8   54    4   36   27   34   60   44    6   41   28   56   11   32   26   29    0   23 
