  70 5249660.000000
  62   60   15   57   45   49   40   61   43    9   67   34    5   47   23   54   53   66   39   31   13   19   63   58   69   51   55    3   27   33   11   52   20   30   10   50   59   41   42   32   16   24   48   64   44   46   28   35    2   56    7   38   26    4   17    8   65   18   68   21   14   12   29    6   36   25    1    0   37   22 
