  70 5089128.000000
  20   23    4   53   21   48   36   17   35   42   26    6   55   33   57   66   43   13   69   31   56   41   19   63   67   30   25   50    3    5    7   24   28   14   11    1   59   61    0   44   16    8   12   29   49   15    2   46   68   62   47   37   39    9   51   38   54   64   58   40   52   27   60   34   65   22   10   32   45   18 
