  70 5154444.000000
  33   39   48   31   16   21   66   51   18   29   56   60   12   27   46   23   68   64   26    4   14    9    1   59    6   69   50   19   43   15   65   44   63   32   34    0   53    2   11    5   10   38    8   61   13   49   54   42   28   41   58   36   55   57   40   47   37   35   45   24   22   52    3   17   30   62   20   67    7   25 
