  70 6063288.000000
  30   17   16   69   20   43   66    6   27   63   40   45    2   42   64   60   12    3   56   29   57   10    0   34   18   65   55   11   35   54    4   13   47    7   59   32    1   19   41   52   25   46   23   67   38   61   26   14   24   21   36   33   15   62   53   31   44   48   37    9   39   50   58   49    5   22   51   68   28    8 
