  70 5373000.000000
  28   51   23   25   66   27   57   53   19   29   59   60   10   15   26   54    1   64   50   69   67   61   68   58    0   42   32   12    8   47   46   52   30   13    7   41   33   20   34   40    4   38    3   65   48   36   22   49   56   44   17   11   24   43   62   45    9    2    6    5   35   39   21   18   37   14   55   63   16   31 
