  70 5942826.000000
  13   66   29   52   34   31    7   44   62   68   23   26   55   37   50    2   15   33   39   40   28   16   30   63    5    0    3   20   67   51   61   47   54    6    9   64    4   59    8   22   18   57   27   14   25   69   11   35   53   42   46   65   12   24   43   32   19   41   38   21   56   45   58   48   36    1   17   10   49   60 
