  70 4998492.000000
  29   44   54   15    0    3   63   28   40   27   21   43    9   47   17   30   45   16   10   62   55   60    4   42   56   59   13   65   39   57   14   36    1   23   49   24   37    6   11   34   48   35   38   18   32   64    8   46   50   19   41    5   33    7   61   66    2   53   58   68   26   69   25   52   67   51   22   12   20   31 
