  70 4160374.000000
  34   42    1    6   63   65   58    3   13   54   22   11   50   20   15   57   45   33   47   32   53   59   29   35   51   38   43   66   18   69   68    5    7   60   37   61   52   27   67   26   21   24    8   40   28   30   46   23   16   17   31   44   48   64    0    2   14   25   55   62   41   12   19   56   10   39    9    4   36   49 
